
Microsoft Visual Studio Solution File, Format Version 12.00
# Visual Studio 15
Project("{FAE04EC0-301F-11D3-BF4B-00C04F79EFBC}") = "Microsoft.MixedReality.Toolkit.Providers.OpenVR", "Microsoft.MixedReality.Toolkit.Providers.OpenVR.csproj", "{48040808-17A8-42B4-938A-817FB75FC61A}"
EndProject
Project("{FAE04EC0-301F-11D3-BF4B-00C04F79EFBC}") = "Microsoft.MixedReality.Toolkit", "Microsoft.MixedReality.Toolkit.csproj", "{C6261740-FBF4-E477-54E1-470FE201E714}"
EndProject
Project("{FAE04EC0-301F-11D3-BF4B-00C04F79EFBC}") = "Microsoft.MixedReality.Toolkit.SDK", "Microsoft.MixedReality.Toolkit.SDK.csproj", "{0A7D853F-DCC3-2E62-99E3-0241681B8A40}"
EndProject
Project("{FAE04EC0-301F-11D3-BF4B-00C04F79EFBC}") = "Microsoft.MixedReality.Toolkit.Services.SpatialAwarenessSystem", "Microsoft.MixedReality.Toolkit.Services.SpatialAwarenessSystem.csproj", "{0020FAB3-CA3A-78F4-F58D-273F9FE71C03}"
EndProject
Project("{FAE04EC0-301F-11D3-BF4B-00C04F79EFBC}") = "Microsoft.MixedReality.Toolkit.Utilities.Gltf", "Microsoft.MixedReality.Toolkit.Utilities.Gltf.csproj", "{EFAC1333-BCC0-7878-8437-921B8383C437}"
EndProject
Project("{FAE04EC0-301F-11D3-BF4B-00C04F79EFBC}") = "Microsoft.MixedReality.Toolkit.Services.InputSystem", "Microsoft.MixedReality.Toolkit.Services.InputSystem.csproj", "{2E721A17-045C-9466-0543-60BD37B9A64F}"
EndProject
Project("{FAE04EC0-301F-11D3-BF4B-00C04F79EFBC}") = "Microsoft.MixedReality.Toolkit.Services.DiagnosticsSystem", "Microsoft.MixedReality.Toolkit.Services.DiagnosticsSystem.csproj", "{D7C40D7F-211A-EFE2-5D81-81119149C4A0}"
EndProject
Project("{FAE04EC0-301F-11D3-BF4B-00C04F79EFBC}") = "Microsoft.MixedReality.Toolkit.Core.Utilities.Async", "Microsoft.MixedReality.Toolkit.Core.Utilities.Async.csproj", "{FCA25A6D-2D70-47AF-7FB7-45A269828C5B}"
EndProject
Project("{FAE04EC0-301F-11D3-BF4B-00C04F79EFBC}") = "Microsoft.MixedReality.Toolkit.Providers.WindowsMixedReality", "Microsoft.MixedReality.Toolkit.Providers.WindowsMixedReality.csproj", "{33743AA1-33C7-A953-1D80-60CA00483D2F}"
EndProject
Project("{FAE04EC0-301F-11D3-BF4B-00C04F79EFBC}") = "Assembly-CSharp", "Assembly-CSharp.csproj", "{9B19C861-A9DC-A41A-C962-1F0BBEE46F48}"
EndProject
Project("{FAE04EC0-301F-11D3-BF4B-00C04F79EFBC}") = "Microsoft.MixedReality.Toolkit.Providers.WindowsVoiceInput", "Microsoft.MixedReality.Toolkit.Providers.WindowsVoiceInput.csproj", "{5634D55F-776B-BD9A-1A40-FEDDF80F55AA}"
EndProject
Project("{FAE04EC0-301F-11D3-BF4B-00C04F79EFBC}") = "Microsoft.MixedReality.Toolkit.Services.TeleportSystem", "Microsoft.MixedReality.Toolkit.Services.TeleportSystem.csproj", "{C4C87C40-B1BC-2A7B-4E64-D3B648898C86}"
EndProject
Project("{FAE04EC0-301F-11D3-BF4B-00C04F79EFBC}") = "Microsoft.MixedReality.Toolkit.Services.BoundarySystem", "Microsoft.MixedReality.Toolkit.Services.BoundarySystem.csproj", "{D202E15E-A4E5-56C0-B128-49DCE793DF27}"
EndProject
Project("{FAE04EC0-301F-11D3-BF4B-00C04F79EFBC}") = "Microsoft.MixedReality.Toolkit.SDK.Inspectors", "Microsoft.MixedReality.Toolkit.SDK.Inspectors.csproj", "{0AD95EE8-4569-ED51-2496-1D3498CF23F5}"
EndProject
Project("{FAE04EC0-301F-11D3-BF4B-00C04F79EFBC}") = "Microsoft.MixedReality.Toolkit.Core.Inspectors", "Microsoft.MixedReality.Toolkit.Core.Inspectors.csproj", "{7C0B14AE-FC3E-1C22-82DA-8B6608FFF7CA}"
EndProject
Project("{FAE04EC0-301F-11D3-BF4B-00C04F79EFBC}") = "Microsoft.MixedReality.Toolkit.Core.Utilities.Editor", "Microsoft.MixedReality.Toolkit.Core.Utilities.Editor.csproj", "{5E5BD67A-5D2B-1CDF-1DB9-400ECFA7AAB9}"
EndProject
Project("{FAE04EC0-301F-11D3-BF4B-00C04F79EFBC}") = "Microsoft.MixedReality.Toolkit.Services.InputSimulation", "Microsoft.MixedReality.Toolkit.Services.InputSimulation.csproj", "{C71352F5-385C-E38D-B8F8-088EF7C6CE95}"
EndProject
Project("{FAE04EC0-301F-11D3-BF4B-00C04F79EFBC}") = "Microsoft.MixedReality.Toolkit.Utilities.Gltf.Importers", "Microsoft.MixedReality.Toolkit.Utilities.Gltf.Importers.csproj", "{B094D4C2-D43E-D959-E7DC-651CB7B305A0}"
EndProject
Project("{FAE04EC0-301F-11D3-BF4B-00C04F79EFBC}") = "Microsoft.MixedReality.Toolkit.Core.Build", "Microsoft.MixedReality.Toolkit.Core.Build.csproj", "{12C18CDF-D8EF-B35A-9230-645AC763540A}"
EndProject
Project("{FAE04EC0-301F-11D3-BF4B-00C04F79EFBC}") = "Microsoft.MixedReality.Toolkit.Core.Definitions.Utilities.Editor", "Microsoft.MixedReality.Toolkit.Core.Definitions.Utilities.Editor.csproj", "{3744A41B-BB1A-A40D-7587-6C56AE70929C}"
EndProject
Project("{FAE04EC0-301F-11D3-BF4B-00C04F79EFBC}") = "Microsoft.MixedReality.Toolkit.Services.InputSimulation.Inspectors", "Microsoft.MixedReality.Toolkit.Services.InputSimulation.Inspectors.csproj", "{306378C7-BBB5-94D7-3F1E-BB006B92447C}"
EndProject
Project("{FAE04EC0-301F-11D3-BF4B-00C04F79EFBC}") = "Microsoft.MixedReality.Toolkit.Services.InputSystem.Inspectors", "Microsoft.MixedReality.Toolkit.Services.InputSystem.Inspectors.csproj", "{47387F7B-564B-C500-58F5-72E07142BD1E}"
EndProject
Project("{FAE04EC0-301F-11D3-BF4B-00C04F79EFBC}") = "Microsoft.MixedReality.Toolkit.Core.Extensions.EditorClassExtensions", "Microsoft.MixedReality.Toolkit.Core.Extensions.EditorClassExtensions.csproj", "{4E735F10-6177-BD5D-E4FA-F005162D358E}"
EndProject
Project("{FAE04EC0-301F-11D3-BF4B-00C04F79EFBC}") = "Microsoft.MixedReality.Toolkit.Player", "Microsoft.MixedReality.Toolkit.Player.csproj", "{727B8E52-3D66-AE7B-BD38-F9D8FD88DD56}"
EndProject
Project("{FAE04EC0-301F-11D3-BF4B-00C04F79EFBC}") = "Microsoft.MixedReality.Toolkit.SDK.Player", "Microsoft.MixedReality.Toolkit.SDK.Player.csproj", "{ECBB42D1-A9C2-40B6-41A6-BA9CA760A185}"
EndProject
Project("{FAE04EC0-301F-11D3-BF4B-00C04F79EFBC}") = "Microsoft.MixedReality.Toolkit.Services.SpatialAwarenessSystem.Player", "Microsoft.MixedReality.Toolkit.Services.SpatialAwarenessSystem.Player.csproj", "{BA2FB561-2A3F-E7AB-3761-5B90784852F5}"
EndProject
Project("{FAE04EC0-301F-11D3-BF4B-00C04F79EFBC}") = "Unity.TextMeshPro.Player", "Unity.TextMeshPro.Player.csproj", "{F1CA471D-22AC-18A9-132D-9C670FF66678}"
EndProject
Project("{FAE04EC0-301F-11D3-BF4B-00C04F79EFBC}") = "Microsoft.MixedReality.Toolkit.Utilities.Gltf.Player", "Microsoft.MixedReality.Toolkit.Utilities.Gltf.Player.csproj", "{E4856E8A-0DA2-71AC-9A64-3E44734F583A}"
EndProject
Project("{FAE04EC0-301F-11D3-BF4B-00C04F79EFBC}") = "Microsoft.MixedReality.Toolkit.Services.InputSystem.Player", "Microsoft.MixedReality.Toolkit.Services.InputSystem.Player.csproj", "{1D02E31F-51C1-523C-5B60-68B5D4D47551}"
EndProject
Project("{FAE04EC0-301F-11D3-BF4B-00C04F79EFBC}") = "Unity.XR.WindowsMR.Player", "Unity.XR.WindowsMR.Player.csproj", "{83F5DC8B-F4E3-DE24-5B63-E900B5A94812}"
EndProject
Project("{FAE04EC0-301F-11D3-BF4B-00C04F79EFBC}") = "Microsoft.MixedReality.Toolkit.Services.DiagnosticsSystem.Player", "Microsoft.MixedReality.Toolkit.Services.DiagnosticsSystem.Player.csproj", "{D90CE579-1DB1-9FC7-8189-451F996ACB27}"
EndProject
Project("{FAE04EC0-301F-11D3-BF4B-00C04F79EFBC}") = "Microsoft.MixedReality.Toolkit.Core.Utilities.Async.Player", "Microsoft.MixedReality.Toolkit.Core.Utilities.Async.Player.csproj", "{93D4B50D-1997-4325-9D9A-819B94F06722}"
EndProject
Project("{FAE04EC0-301F-11D3-BF4B-00C04F79EFBC}") = "Microsoft.MixedReality.Toolkit.Providers.WindowsMixedReality.Player", "Microsoft.MixedReality.Toolkit.Providers.WindowsMixedReality.Player.csproj", "{CB6607B2-6A1E-E789-F581-855AD50EA17B}"
EndProject
Project("{FAE04EC0-301F-11D3-BF4B-00C04F79EFBC}") = "Assembly-CSharp.Player", "Assembly-CSharp.Player.csproj", "{37CDCF3F-0389-B63F-5625-A1C74B87B5B7}"
EndProject
Project("{FAE04EC0-301F-11D3-BF4B-00C04F79EFBC}") = "Microsoft.MixedReality.Toolkit.Providers.WindowsVoiceInput.Player", "Microsoft.MixedReality.Toolkit.Providers.WindowsVoiceInput.Player.csproj", "{F2BCBB74-6AC0-BB8F-3C3A-0A17D53927D9}"
EndProject
Project("{FAE04EC0-301F-11D3-BF4B-00C04F79EFBC}") = "Microsoft.MixedReality.Toolkit.Services.TeleportSystem.Player", "Microsoft.MixedReality.Toolkit.Services.TeleportSystem.Player.csproj", "{09B7D19C-D603-94A7-6511-2970C3BE8708}"
EndProject
Project("{FAE04EC0-301F-11D3-BF4B-00C04F79EFBC}") = "Microsoft.MixedReality.Toolkit.Services.BoundarySystem.Player", "Microsoft.MixedReality.Toolkit.Services.BoundarySystem.Player.csproj", "{553B34A8-321C-F187-21A8-61C2784BE429}"
EndProject
Global
	GlobalSection(SolutionConfigurationPlatforms) = preSolution
		Debug|Any CPU = Debug|Any CPU
		Release|Any CPU = Release|Any CPU
	EndGlobalSection
	GlobalSection(ProjectConfigurationPlatforms) = postSolution
		{48040808-17A8-42B4-938A-817FB75FC61A}.Debug|Any CPU.ActiveCfg = Debug|Any CPU
		{48040808-17A8-42B4-938A-817FB75FC61A}.Debug|Any CPU.Build.0 = Debug|Any CPU
		{48040808-17A8-42B4-938A-817FB75FC61A}.Release|Any CPU.ActiveCfg = Release|Any CPU
		{48040808-17A8-42B4-938A-817FB75FC61A}.Release|Any CPU.Build.0 = Release|Any CPU
		{C6261740-FBF4-E477-54E1-470FE201E714}.Debug|Any CPU.ActiveCfg = Debug|Any CPU
		{C6261740-FBF4-E477-54E1-470FE201E714}.Debug|Any CPU.Build.0 = Debug|Any CPU
		{C6261740-FBF4-E477-54E1-470FE201E714}.Release|Any CPU.ActiveCfg = Release|Any CPU
		{C6261740-FBF4-E477-54E1-470FE201E714}.Release|Any CPU.Build.0 = Release|Any CPU
		{0A7D853F-DCC3-2E62-99E3-0241681B8A40}.Debug|Any CPU.ActiveCfg = Debug|Any CPU
		{0A7D853F-DCC3-2E62-99E3-0241681B8A40}.Debug|Any CPU.Build.0 = Debug|Any CPU
		{0A7D853F-DCC3-2E62-99E3-0241681B8A40}.Release|Any CPU.ActiveCfg = Release|Any CPU
		{0A7D853F-DCC3-2E62-99E3-0241681B8A40}.Release|Any CPU.Build.0 = Release|Any CPU
		{0020FAB3-CA3A-78F4-F58D-273F9FE71C03}.Debug|Any CPU.ActiveCfg = Debug|Any CPU
		{0020FAB3-CA3A-78F4-F58D-273F9FE71C03}.Debug|Any CPU.Build.0 = Debug|Any CPU
		{0020FAB3-CA3A-78F4-F58D-273F9FE71C03}.Release|Any CPU.ActiveCfg = Release|Any CPU
		{0020FAB3-CA3A-78F4-F58D-273F9FE71C03}.Release|Any CPU.Build.0 = Release|Any CPU
		{EFAC1333-BCC0-7878-8437-921B8383C437}.Debug|Any CPU.ActiveCfg = Debug|Any CPU
		{EFAC1333-BCC0-7878-8437-921B8383C437}.Debug|Any CPU.Build.0 = Debug|Any CPU
		{EFAC1333-BCC0-7878-8437-921B8383C437}.Release|Any CPU.ActiveCfg = Release|Any CPU
		{EFAC1333-BCC0-7878-8437-921B8383C437}.Release|Any CPU.Build.0 = Release|Any CPU
		{2E721A17-045C-9466-0543-60BD37B9A64F}.Debug|Any CPU.ActiveCfg = Debug|Any CPU
		{2E721A17-045C-9466-0543-60BD37B9A64F}.Debug|Any CPU.Build.0 = Debug|Any CPU
		{2E721A17-045C-9466-0543-60BD37B9A64F}.Release|Any CPU.ActiveCfg = Release|Any CPU
		{2E721A17-045C-9466-0543-60BD37B9A64F}.Release|Any CPU.Build.0 = Release|Any CPU
		{D7C40D7F-211A-EFE2-5D81-81119149C4A0}.Debug|Any CPU.ActiveCfg = Debug|Any CPU
		{D7C40D7F-211A-EFE2-5D81-81119149C4A0}.Debug|Any CPU.Build.0 = Debug|Any CPU
		{D7C40D7F-211A-EFE2-5D81-81119149C4A0}.Release|Any CPU.ActiveCfg = Release|Any CPU
		{D7C40D7F-211A-EFE2-5D81-81119149C4A0}.Release|Any CPU.Build.0 = Release|Any CPU
		{FCA25A6D-2D70-47AF-7FB7-45A269828C5B}.Debug|Any CPU.ActiveCfg = Debug|Any CPU
		{FCA25A6D-2D70-47AF-7FB7-45A269828C5B}.Debug|Any CPU.Build.0 = Debug|Any CPU
		{FCA25A6D-2D70-47AF-7FB7-45A269828C5B}.Release|Any CPU.ActiveCfg = Release|Any CPU
		{FCA25A6D-2D70-47AF-7FB7-45A269828C5B}.Release|Any CPU.Build.0 = Release|Any CPU
		{33743AA1-33C7-A953-1D80-60CA00483D2F}.Debug|Any CPU.ActiveCfg = Debug|Any CPU
		{33743AA1-33C7-A953-1D80-60CA00483D2F}.Debug|Any CPU.Build.0 = Debug|Any CPU
		{33743AA1-33C7-A953-1D80-60CA00483D2F}.Release|Any CPU.ActiveCfg = Release|Any CPU
		{33743AA1-33C7-A953-1D80-60CA00483D2F}.Release|Any CPU.Build.0 = Release|Any CPU
		{9B19C861-A9DC-A41A-C962-1F0BBEE46F48}.Debug|Any CPU.ActiveCfg = Debug|Any CPU
		{9B19C861-A9DC-A41A-C962-1F0BBEE46F48}.Debug|Any CPU.Build.0 = Debug|Any CPU
		{9B19C861-A9DC-A41A-C962-1F0BBEE46F48}.Release|Any CPU.ActiveCfg = Release|Any CPU
		{9B19C861-A9DC-A41A-C962-1F0BBEE46F48}.Release|Any CPU.Build.0 = Release|Any CPU
		{5634D55F-776B-BD9A-1A40-FEDDF80F55AA}.Debug|Any CPU.ActiveCfg = Debug|Any CPU
		{5634D55F-776B-BD9A-1A40-FEDDF80F55AA}.Debug|Any CPU.Build.0 = Debug|Any CPU
		{5634D55F-776B-BD9A-1A40-FEDDF80F55AA}.Release|Any CPU.ActiveCfg = Release|Any CPU
		{5634D55F-776B-BD9A-1A40-FEDDF80F55AA}.Release|Any CPU.Build.0 = Release|Any CPU
		{C4C87C40-B1BC-2A7B-4E64-D3B648898C86}.Debug|Any CPU.ActiveCfg = Debug|Any CPU
		{C4C87C40-B1BC-2A7B-4E64-D3B648898C86}.Debug|Any CPU.Build.0 = Debug|Any CPU
		{C4C87C40-B1BC-2A7B-4E64-D3B648898C86}.Release|Any CPU.ActiveCfg = Release|Any CPU
		{C4C87C40-B1BC-2A7B-4E64-D3B648898C86}.Release|Any CPU.Build.0 = Release|Any CPU
		{D202E15E-A4E5-56C0-B128-49DCE793DF27}.Debug|Any CPU.ActiveCfg = Debug|Any CPU
		{D202E15E-A4E5-56C0-B128-49DCE793DF27}.Debug|Any CPU.Build.0 = Debug|Any CPU
		{D202E15E-A4E5-56C0-B128-49DCE793DF27}.Release|Any CPU.ActiveCfg = Release|Any CPU
		{D202E15E-A4E5-56C0-B128-49DCE793DF27}.Release|Any CPU.Build.0 = Release|Any CPU
		{0AD95EE8-4569-ED51-2496-1D3498CF23F5}.Debug|Any CPU.ActiveCfg = Debug|Any CPU
		{0AD95EE8-4569-ED51-2496-1D3498CF23F5}.Debug|Any CPU.Build.0 = Debug|Any CPU
		{0AD95EE8-4569-ED51-2496-1D3498CF23F5}.Release|Any CPU.ActiveCfg = Release|Any CPU
		{0AD95EE8-4569-ED51-2496-1D3498CF23F5}.Release|Any CPU.Build.0 = Release|Any CPU
		{7C0B14AE-FC3E-1C22-82DA-8B6608FFF7CA}.Debug|Any CPU.ActiveCfg = Debug|Any CPU
		{7C0B14AE-FC3E-1C22-82DA-8B6608FFF7CA}.Debug|Any CPU.Build.0 = Debug|Any CPU
		{7C0B14AE-FC3E-1C22-82DA-8B6608FFF7CA}.Release|Any CPU.ActiveCfg = Release|Any CPU
		{7C0B14AE-FC3E-1C22-82DA-8B6608FFF7CA}.Release|Any CPU.Build.0 = Release|Any CPU
		{5E5BD67A-5D2B-1CDF-1DB9-400ECFA7AAB9}.Debug|Any CPU.ActiveCfg = Debug|Any CPU
		{5E5BD67A-5D2B-1CDF-1DB9-400ECFA7AAB9}.Debug|Any CPU.Build.0 = Debug|Any CPU
		{5E5BD67A-5D2B-1CDF-1DB9-400ECFA7AAB9}.Release|Any CPU.ActiveCfg = Release|Any CPU
		{5E5BD67A-5D2B-1CDF-1DB9-400ECFA7AAB9}.Release|Any CPU.Build.0 = Release|Any CPU
		{C71352F5-385C-E38D-B8F8-088EF7C6CE95}.Debug|Any CPU.ActiveCfg = Debug|Any CPU
		{C71352F5-385C-E38D-B8F8-088EF7C6CE95}.Debug|Any CPU.Build.0 = Debug|Any CPU
		{C71352F5-385C-E38D-B8F8-088EF7C6CE95}.Release|Any CPU.ActiveCfg = Release|Any CPU
		{C71352F5-385C-E38D-B8F8-088EF7C6CE95}.Release|Any CPU.Build.0 = Release|Any CPU
		{B094D4C2-D43E-D959-E7DC-651CB7B305A0}.Debug|Any CPU.ActiveCfg = Debug|Any CPU
		{B094D4C2-D43E-D959-E7DC-651CB7B305A0}.Debug|Any CPU.Build.0 = Debug|Any CPU
		{B094D4C2-D43E-D959-E7DC-651CB7B305A0}.Release|Any CPU.ActiveCfg = Release|Any CPU
		{B094D4C2-D43E-D959-E7DC-651CB7B305A0}.Release|Any CPU.Build.0 = Release|Any CPU
		{12C18CDF-D8EF-B35A-9230-645AC763540A}.Debug|Any CPU.ActiveCfg = Debug|Any CPU
		{12C18CDF-D8EF-B35A-9230-645AC763540A}.Debug|Any CPU.Build.0 = Debug|Any CPU
		{12C18CDF-D8EF-B35A-9230-645AC763540A}.Release|Any CPU.ActiveCfg = Release|Any CPU
		{12C18CDF-D8EF-B35A-9230-645AC763540A}.Release|Any CPU.Build.0 = Release|Any CPU
		{3744A41B-BB1A-A40D-7587-6C56AE70929C}.Debug|Any CPU.ActiveCfg = Debug|Any CPU
		{3744A41B-BB1A-A40D-7587-6C56AE70929C}.Debug|Any CPU.Build.0 = Debug|Any CPU
		{3744A41B-BB1A-A40D-7587-6C56AE70929C}.Release|Any CPU.ActiveCfg = Release|Any CPU
		{3744A41B-BB1A-A40D-7587-6C56AE70929C}.Release|Any CPU.Build.0 = Release|Any CPU
		{306378C7-BBB5-94D7-3F1E-BB006B92447C}.Debug|Any CPU.ActiveCfg = Debug|Any CPU
		{306378C7-BBB5-94D7-3F1E-BB006B92447C}.Debug|Any CPU.Build.0 = Debug|Any CPU
		{306378C7-BBB5-94D7-3F1E-BB006B92447C}.Release|Any CPU.ActiveCfg = Release|Any CPU
		{306378C7-BBB5-94D7-3F1E-BB006B92447C}.Release|Any CPU.Build.0 = Release|Any CPU
		{47387F7B-564B-C500-58F5-72E07142BD1E}.Debug|Any CPU.ActiveCfg = Debug|Any CPU
		{47387F7B-564B-C500-58F5-72E07142BD1E}.Debug|Any CPU.Build.0 = Debug|Any CPU
		{47387F7B-564B-C500-58F5-72E07142BD1E}.Release|Any CPU.ActiveCfg = Release|Any CPU
		{47387F7B-564B-C500-58F5-72E07142BD1E}.Release|Any CPU.Build.0 = Release|Any CPU
		{4E735F10-6177-BD5D-E4FA-F005162D358E}.Debug|Any CPU.ActiveCfg = Debug|Any CPU
		{4E735F10-6177-BD5D-E4FA-F005162D358E}.Debug|Any CPU.Build.0 = Debug|Any CPU
		{4E735F10-6177-BD5D-E4FA-F005162D358E}.Release|Any CPU.ActiveCfg = Release|Any CPU
		{4E735F10-6177-BD5D-E4FA-F005162D358E}.Release|Any CPU.Build.0 = Release|Any CPU
		{727B8E52-3D66-AE7B-BD38-F9D8FD88DD56}.Debug|Any CPU.ActiveCfg = Debug|Any CPU
		{727B8E52-3D66-AE7B-BD38-F9D8FD88DD56}.Debug|Any CPU.Build.0 = Debug|Any CPU
		{727B8E52-3D66-AE7B-BD38-F9D8FD88DD56}.Release|Any CPU.ActiveCfg = Release|Any CPU
		{727B8E52-3D66-AE7B-BD38-F9D8FD88DD56}.Release|Any CPU.Build.0 = Release|Any CPU
		{ECBB42D1-A9C2-40B6-41A6-BA9CA760A185}.Debug|Any CPU.ActiveCfg = Debug|Any CPU
		{ECBB42D1-A9C2-40B6-41A6-BA9CA760A185}.Debug|Any CPU.Build.0 = Debug|Any CPU
		{ECBB42D1-A9C2-40B6-41A6-BA9CA760A185}.Release|Any CPU.ActiveCfg = Release|Any CPU
		{ECBB42D1-A9C2-40B6-41A6-BA9CA760A185}.Release|Any CPU.Build.0 = Release|Any CPU
		{BA2FB561-2A3F-E7AB-3761-5B90784852F5}.Debug|Any CPU.ActiveCfg = Debug|Any CPU
		{BA2FB561-2A3F-E7AB-3761-5B90784852F5}.Debug|Any CPU.Build.0 = Debug|Any CPU
		{BA2FB561-2A3F-E7AB-3761-5B90784852F5}.Release|Any CPU.ActiveCfg = Release|Any CPU
		{BA2FB561-2A3F-E7AB-3761-5B90784852F5}.Release|Any CPU.Build.0 = Release|Any CPU
		{F1CA471D-22AC-18A9-132D-9C670FF66678}.Debug|Any CPU.ActiveCfg = Debug|Any CPU
		{F1CA471D-22AC-18A9-132D-9C670FF66678}.Debug|Any CPU.Build.0 = Debug|Any CPU
		{F1CA471D-22AC-18A9-132D-9C670FF66678}.Release|Any CPU.ActiveCfg = Release|Any CPU
		{F1CA471D-22AC-18A9-132D-9C670FF66678}.Release|Any CPU.Build.0 = Release|Any CPU
		{E4856E8A-0DA2-71AC-9A64-3E44734F583A}.Debug|Any CPU.ActiveCfg = Debug|Any CPU
		{E4856E8A-0DA2-71AC-9A64-3E44734F583A}.Debug|Any CPU.Build.0 = Debug|Any CPU
		{E4856E8A-0DA2-71AC-9A64-3E44734F583A}.Release|Any CPU.ActiveCfg = Release|Any CPU
		{E4856E8A-0DA2-71AC-9A64-3E44734F583A}.Release|Any CPU.Build.0 = Release|Any CPU
		{1D02E31F-51C1-523C-5B60-68B5D4D47551}.Debug|Any CPU.ActiveCfg = Debug|Any CPU
		{1D02E31F-51C1-523C-5B60-68B5D4D47551}.Debug|Any CPU.Build.0 = Debug|Any CPU
		{1D02E31F-51C1-523C-5B60-68B5D4D47551}.Release|Any CPU.ActiveCfg = Release|Any CPU
		{1D02E31F-51C1-523C-5B60-68B5D4D47551}.Release|Any CPU.Build.0 = Release|Any CPU
		{83F5DC8B-F4E3-DE24-5B63-E900B5A94812}.Debug|Any CPU.ActiveCfg = Debug|Any CPU
		{83F5DC8B-F4E3-DE24-5B63-E900B5A94812}.Debug|Any CPU.Build.0 = Debug|Any CPU
		{83F5DC8B-F4E3-DE24-5B63-E900B5A94812}.Release|Any CPU.ActiveCfg = Release|Any CPU
		{83F5DC8B-F4E3-DE24-5B63-E900B5A94812}.Release|Any CPU.Build.0 = Release|Any CPU
		{D90CE579-1DB1-9FC7-8189-451F996ACB27}.Debug|Any CPU.ActiveCfg = Debug|Any CPU
		{D90CE579-1DB1-9FC7-8189-451F996ACB27}.Debug|Any CPU.Build.0 = Debug|Any CPU
		{D90CE579-1DB1-9FC7-8189-451F996ACB27}.Release|Any CPU.ActiveCfg = Release|Any CPU
		{D90CE579-1DB1-9FC7-8189-451F996ACB27}.Release|Any CPU.Build.0 = Release|Any CPU
		{93D4B50D-1997-4325-9D9A-819B94F06722}.Debug|Any CPU.ActiveCfg = Debug|Any CPU
		{93D4B50D-1997-4325-9D9A-819B94F06722}.Debug|Any CPU.Build.0 = Debug|Any CPU
		{93D4B50D-1997-4325-9D9A-819B94F06722}.Release|Any CPU.ActiveCfg = Release|Any CPU
		{93D4B50D-1997-4325-9D9A-819B94F06722}.Release|Any CPU.Build.0 = Release|Any CPU
		{CB6607B2-6A1E-E789-F581-855AD50EA17B}.Debug|Any CPU.ActiveCfg = Debug|Any CPU
		{CB6607B2-6A1E-E789-F581-855AD50EA17B}.Debug|Any CPU.Build.0 = Debug|Any CPU
		{CB6607B2-6A1E-E789-F581-855AD50EA17B}.Release|Any CPU.ActiveCfg = Release|Any CPU
		{CB6607B2-6A1E-E789-F581-855AD50EA17B}.Release|Any CPU.Build.0 = Release|Any CPU
		{37CDCF3F-0389-B63F-5625-A1C74B87B5B7}.Debug|Any CPU.ActiveCfg = Debug|Any CPU
		{37CDCF3F-0389-B63F-5625-A1C74B87B5B7}.Debug|Any CPU.Build.0 = Debug|Any CPU
		{37CDCF3F-0389-B63F-5625-A1C74B87B5B7}.Release|Any CPU.ActiveCfg = Release|Any CPU
		{37CDCF3F-0389-B63F-5625-A1C74B87B5B7}.Release|Any CPU.Build.0 = Release|Any CPU
		{F2BCBB74-6AC0-BB8F-3C3A-0A17D53927D9}.Debug|Any CPU.ActiveCfg = Debug|Any CPU
		{F2BCBB74-6AC0-BB8F-3C3A-0A17D53927D9}.Debug|Any CPU.Build.0 = Debug|Any CPU
		{F2BCBB74-6AC0-BB8F-3C3A-0A17D53927D9}.Release|Any CPU.ActiveCfg = Release|Any CPU
		{F2BCBB74-6AC0-BB8F-3C3A-0A17D53927D9}.Release|Any CPU.Build.0 = Release|Any CPU
		{09B7D19C-D603-94A7-6511-2970C3BE8708}.Debug|Any CPU.ActiveCfg = Debug|Any CPU
		{09B7D19C-D603-94A7-6511-2970C3BE8708}.Debug|Any CPU.Build.0 = Debug|Any CPU
		{09B7D19C-D603-94A7-6511-2970C3BE8708}.Release|Any CPU.ActiveCfg = Release|Any CPU
		{09B7D19C-D603-94A7-6511-2970C3BE8708}.Release|Any CPU.Build.0 = Release|Any CPU
		{553B34A8-321C-F187-21A8-61C2784BE429}.Debug|Any CPU.ActiveCfg = Debug|Any CPU
		{553B34A8-321C-F187-21A8-61C2784BE429}.Debug|Any CPU.Build.0 = Debug|Any CPU
		{553B34A8-321C-F187-21A8-61C2784BE429}.Release|Any CPU.ActiveCfg = Release|Any CPU
		{553B34A8-321C-F187-21A8-61C2784BE429}.Release|Any CPU.Build.0 = Release|Any CPU
	EndGlobalSection
	GlobalSection(SolutionProperties) = preSolution
		HideSolutionNode = FALSE
	EndGlobalSection
EndGlobal
